
Microsoft Visual Studio Solution File, Format Version 12.00
# Visual Studio Version 16
VisualStudioVersion = 16.0.31205.134
MinimumVisualStudioVersion = 10.0.40219.1
Project("{FAE04EC0-301F-11D3-BF4B-00C04F79EFBC}") = "HomeWorkNumberEight", "HomeWorkNumberEight\HomeWorkNumberEight.csproj", "{A250F196-DE5E-4AE4-B2A7-7115FDC33E49}"
EndProject
Project("{FAE04EC0-301F-11D3-BF4B-00C04F79EFBC}") = "PrinterConsoleAppcation", "PrinterConsoleAppcation\PrinterConsoleAppcation.csproj", "{A372C7E3-5B37-4661-B6D9-3DF2E38BDFE3}"
EndProject
Global
	GlobalSection(SolutionConfigurationPlatforms) = preSolution
		Debug|Any CPU = Debug|Any CPU
		Release|Any CPU = Release|Any CPU
	EndGlobalSection
	GlobalSection(ProjectConfigurationPlatforms) = postSolution
		{A250F196-DE5E-4AE4-B2A7-7115FDC33E49}.Debug|Any CPU.ActiveCfg = Debug|Any CPU
		{A250F196-DE5E-4AE4-B2A7-7115FDC33E49}.Debug|Any CPU.Build.0 = Debug|Any CPU
		{A250F196-DE5E-4AE4-B2A7-7115FDC33E49}.Release|Any CPU.ActiveCfg = Release|Any CPU
		{A250F196-DE5E-4AE4-B2A7-7115FDC33E49}.Release|Any CPU.Build.0 = Release|Any CPU
		{A372C7E3-5B37-4661-B6D9-3DF2E38BDFE3}.Debug|Any CPU.ActiveCfg = Debug|Any CPU
		{A372C7E3-5B37-4661-B6D9-3DF2E38BDFE3}.Debug|Any CPU.Build.0 = Debug|Any CPU
		{A372C7E3-5B37-4661-B6D9-3DF2E38BDFE3}.Release|Any CPU.ActiveCfg = Release|Any CPU
		{A372C7E3-5B37-4661-B6D9-3DF2E38BDFE3}.Release|Any CPU.Build.0 = Release|Any CPU
	EndGlobalSection
	GlobalSection(SolutionProperties) = preSolution
		HideSolutionNode = FALSE
	EndGlobalSection
	GlobalSection(ExtensibilityGlobals) = postSolution
		SolutionGuid = {E15F3C79-7DE5-4415-B343-FD0E203ECE8C}
	EndGlobalSection
EndGlobal
